{
  "name": "mo-pdf",
  "version": "1.0.0",
  "lockfileVersion": 3,
  "requires": true,
  "packages": {
    "": {
      "name": "mo-pdf",
      "version": "1.0.0",
      "license": "ISC",
      "devDependencies": {
        "orange-hyper": "^1.0.1"
      }
    },
    "node_modules/orange-hyper": {
      "version": "1.0.1",
      "resolved": "https://registry.npmjs.org/orange-hyper/-/orange-hyper-1.0.1.tgz",
      "integrity": "sha512-oCmnj6esZJhz4wF+WqLjrUe90VGR/ZKJ7671UqGYXlRNtLl+rrVn5b2eza2e49nJhxWfZ7k2bOgkLdQwJ8TN/Q==",
      "dev": true,
      "license": "MIT",
      "bin": {
        "orange": "bin/orange.js",
        "orange-hyper": "bin/orange.js"
      },
      "engines": {
        "node": ">=20"
      }
    }
  }
}
